# This file is @generated by PDM.
# It is not intended for manual editing.

[metadata]
groups = ["default"]
strategy = ["inherit_metadata"]
lock_version = "4.5.0"
content_hash = "sha256:3c9767cf1d4ebaaf2a1133e89d8912f7bea487cce4a004bde107bce49600a809"

[[metadata.targets]]
requires_python = "==3.10.*"

[[package]]
name = "dbus-python"
version = "1.4.0"
requires_python = ">=3.7"
summary = "Python bindings for libdbus"
groups = ["default"]
files = [
    {file = "dbus-python-1.4.0.tar.gz", hash = "sha256:991666e498f60dbf3e49b8b7678f5559b8a65034fdf61aae62cdecdb7d89c770"},
]
